// !$*UTF8*$!
{
	archiveVersion = 1;
	classes = {
	};
	objectVersion = 46;
	objects = {

/* Begin PBXBuildFile section */
		083190AF1A85ACF8004B9A25 /* NotificationGlobals.swift in Sources */ = {isa = PBXBuildFile; fileRef = 083190AE1A85ACF8004B9A25 /* NotificationGlobals.swift */; };
		083190B31A85B5E8004B9A25 /* KaraokeVC.swift in Sources */ = {isa = PBXBuildFile; fileRef = 083190B21A85B5E8004B9A25 /* KaraokeVC.swift */; };
		0834BFB41A871CC100C6FDD0 /* Song.swift in Sources */ = {isa = PBXBuildFile; fileRef = 0834BFB31A871CC100C6FDD0 /* Song.swift */; };
		0834BFB61A871CC100C6FDD0 /* Video.swift in Sources */ = {isa = PBXBuildFile; fileRef = 0834BFB51A871CC100C6FDD0 /* Video.swift */; };
		0834BFB81A871CC100C6FDD0 /* UserInfo.swift in Sources */ = {isa = PBXBuildFile; fileRef = 0834BFB71A871CC100C6FDD0 /* UserInfo.swift */; };
		0834BFD41A87A85100C6FDD0 /* Songs.plist in Resources */ = {isa = PBXBuildFile; fileRef = 0834BFD31A87A85100C6FDD0 /* Songs.plist */; };
		089FF7A11A858163001FBE6E /* LyricsParser.swift in Sources */ = {isa = PBXBuildFile; fileRef = 089FF7A01A858163001FBE6E /* LyricsParser.swift */; };
		089FF7A31A858181001FBE6E /* SongTimer.swift in Sources */ = {isa = PBXBuildFile; fileRef = 089FF7A21A858181001FBE6E /* SongTimer.swift */; };
		089FF7A51A85A1E6001FBE6E /* Navigation.swift in Sources */ = {isa = PBXBuildFile; fileRef = 089FF7A41A85A1E6001FBE6E /* Navigation.swift */; };
		18470EDB1A85BF7500F9716F /* profilepicture.svg in Resources */ = {isa = PBXBuildFile; fileRef = 18470EDA1A85BF7500F9716F /* profilepicture.svg */; };
		18470EE71A86C98600F9716F /* Utils.swift in Sources */ = {isa = PBXBuildFile; fileRef = 18470EE61A86C98600F9716F /* Utils.swift */; };
		18470EEC1A86D80F00F9716F /* CustomVideoCell.swift in Sources */ = {isa = PBXBuildFile; fileRef = 18470EEA1A86D80F00F9716F /* CustomVideoCell.swift */; };
		18470EED1A86D80F00F9716F /* CustomVideoCell.xib in Resources */ = {isa = PBXBuildFile; fileRef = 18470EEB1A86D80F00F9716F /* CustomVideoCell.xib */; };
		18470EEF1A86E0E600F9716F /* mobilemenu.png in Resources */ = {isa = PBXBuildFile; fileRef = 18470EEE1A86E0E600F9716F /* mobilemenu.png */; };
		18470EF11A86E33700F9716F /* SongsDetailVC.swift in Sources */ = {isa = PBXBuildFile; fileRef = 18470EF01A86E33700F9716F /* SongsDetailVC.swift */; };
		18470EF31A86E70200F9716F /* default-placeholder.png in Resources */ = {isa = PBXBuildFile; fileRef = 18470EF21A86E70200F9716F /* default-placeholder.png */; };
		18470EF51A86E7F100F9716F /* orange-record-circle.png in Resources */ = {isa = PBXBuildFile; fileRef = 18470EF41A86E7F100F9716F /* orange-record-circle.png */; };
		18470EFA1A86E8A000F9716F /* CustomFriendsCell.swift in Sources */ = {isa = PBXBuildFile; fileRef = 18470EF81A86E8A000F9716F /* CustomFriendsCell.swift */; };
		18470EFB1A86E8A000F9716F /* CustomFriendsCell.xib in Resources */ = {isa = PBXBuildFile; fileRef = 18470EF91A86E8A000F9716F /* CustomFriendsCell.xib */; };
		18470EFD1A86EEEA00F9716F /* MashupVC.swift in Sources */ = {isa = PBXBuildFile; fileRef = 18470EFC1A86EEEA00F9716F /* MashupVC.swift */; };
		1870433C1A86FF8600E6F33F /* StartScript.swift in Sources */ = {isa = PBXBuildFile; fileRef = 1870433B1A86FF8600E6F33F /* StartScript.swift */; };
		187043461A87039200E6F33F /* guns n' roses - sweet child o' mine.lrc in Resources */ = {isa = PBXBuildFile; fileRef = 187043401A87039200E6F33F /* guns n' roses - sweet child o' mine.lrc */; };
		187043471A87039200E6F33F /* journey - don't stop believing.lrc in Resources */ = {isa = PBXBuildFile; fileRef = 187043411A87039200E6F33F /* journey - don't stop believing.lrc */; };
		187043491A87039200E6F33F /* Taylor Swift - Shake it off.lrc in Resources */ = {isa = PBXBuildFile; fileRef = 187043431A87039200E6F33F /* Taylor Swift - Shake it off.lrc */; };
		1870434A1A87039200E6F33F /* tom petty - free fallin.lrc in Resources */ = {isa = PBXBuildFile; fileRef = 187043441A87039200E6F33F /* tom petty - free fallin.lrc */; };
		1870434B1A87039200E6F33F /* twisted sisters - i wanna rock.lrc in Resources */ = {isa = PBXBuildFile; fileRef = 187043451A87039200E6F33F /* twisted sisters - i wanna rock.lrc */; };
		1870435C1A87090400E6F33F /* Don't_Stop_Believin'-Journey.mp3 in Resources */ = {isa = PBXBuildFile; fileRef = 187043571A87090300E6F33F /* Don't_Stop_Believin'-Journey.mp3 */; };
		1870435D1A87090400E6F33F /* Free_Fallin-Tom_Petty.mp3 in Resources */ = {isa = PBXBuildFile; fileRef = 187043581A87090400E6F33F /* Free_Fallin-Tom_Petty.mp3 */; };
		1870435E1A87090400E6F33F /* In_the_Style_of_Twisted Sister-I Wanna_Rock.mp3 in Resources */ = {isa = PBXBuildFile; fileRef = 187043591A87090400E6F33F /* In_the_Style_of_Twisted Sister-I Wanna_Rock.mp3 */; };
		1870435F1A87090400E6F33F /* Shake_It_off-Taylor_Swift].mp3 in Resources */ = {isa = PBXBuildFile; fileRef = 1870435A1A87090400E6F33F /* Shake_It_off-Taylor_Swift].mp3 */; };
		187043601A87090400E6F33F /* Sweet_Child_O'Mine-Guns_N'_Roses.mp3 in Resources */ = {isa = PBXBuildFile; fileRef = 1870435B1A87090400E6F33F /* Sweet_Child_O'Mine-Guns_N'_Roses.mp3 */; };
		18C73FD21A855EF800B7C1A7 /* AppDelegate.swift in Sources */ = {isa = PBXBuildFile; fileRef = 18C73FD11A855EF800B7C1A7 /* AppDelegate.swift */; };
		18C73FD51A855EF800B7C1A7 /* KaraokeRoulette.xcdatamodeld in Sources */ = {isa = PBXBuildFile; fileRef = 18C73FD31A855EF800B7C1A7 /* KaraokeRoulette.xcdatamodeld */; };
		18C73FD71A855EF800B7C1A7 /* ViewController.swift in Sources */ = {isa = PBXBuildFile; fileRef = 18C73FD61A855EF800B7C1A7 /* ViewController.swift */; };
		18C73FDA1A855EF800B7C1A7 /* Main.storyboard in Resources */ = {isa = PBXBuildFile; fileRef = 18C73FD81A855EF800B7C1A7 /* Main.storyboard */; };
		18C73FDC1A855EF800B7C1A7 /* Images.xcassets in Resources */ = {isa = PBXBuildFile; fileRef = 18C73FDB1A855EF800B7C1A7 /* Images.xcassets */; };
		18C73FDF1A855EF800B7C1A7 /* LaunchScreen.xib in Resources */ = {isa = PBXBuildFile; fileRef = 18C73FDD1A855EF800B7C1A7 /* LaunchScreen.xib */; };
		18C73FEB1A855EF900B7C1A7 /* KaraokeRouletteTests.swift in Sources */ = {isa = PBXBuildFile; fileRef = 18C73FEA1A855EF900B7C1A7 /* KaraokeRouletteTests.swift */; };
		18C73FF51A85634E00B7C1A7 /* Navigation.xib in Resources */ = {isa = PBXBuildFile; fileRef = 18C73FF41A85634E00B7C1A7 /* Navigation.xib */; };
		18C73FFD1A85683F00B7C1A7 /* FriendsVC.swift in Sources */ = {isa = PBXBuildFile; fileRef = 18C73FFC1A85683F00B7C1A7 /* FriendsVC.swift */; };
		18C73FFF1A85699700B7C1A7 /* ProfileVC.swift in Sources */ = {isa = PBXBuildFile; fileRef = 18C73FFE1A85699700B7C1A7 /* ProfileVC.swift */; };
		18C740011A856A4700B7C1A7 /* SongsTableVC.swift in Sources */ = {isa = PBXBuildFile; fileRef = 18C740001A856A4700B7C1A7 /* SongsTableVC.swift */; };
		18C740031A856AB300B7C1A7 /* AboutVC.swift in Sources */ = {isa = PBXBuildFile; fileRef = 18C740021A856AB300B7C1A7 /* AboutVC.swift */; };
		18C740051A85770700B7C1A7 /* roulette_nav.png in Resources */ = {isa = PBXBuildFile; fileRef = 18C740041A85770700B7C1A7 /* roulette_nav.png */; };
		18C740081A85861000B7C1A7 /* roulette_main.svg in Resources */ = {isa = PBXBuildFile; fileRef = 18C740061A85861000B7C1A7 /* roulette_main.svg */; };
		18C740091A85861000B7C1A7 /* roulette_nav.svg in Resources */ = {isa = PBXBuildFile; fileRef = 18C740071A85861000B7C1A7 /* roulette_nav.svg */; };
/* End PBXBuildFile section */

/* Begin PBXContainerItemProxy section */
		18C73FE51A855EF900B7C1A7 /* PBXContainerItemProxy */ = {
			isa = PBXContainerItemProxy;
			containerPortal = 18C73FC41A855EF800B7C1A7 /* Project object */;
			proxyType = 1;
			remoteGlobalIDString = 18C73FCB1A855EF800B7C1A7;
			remoteInfo = KaraokeRoulette;
		};
/* End PBXContainerItemProxy section */

/* Begin PBXFileReference section */
		083190AE1A85ACF8004B9A25 /* NotificationGlobals.swift */ = {isa = PBXFileReference; fileEncoding = 4; lastKnownFileType = sourcecode.swift; path = NotificationGlobals.swift; sourceTree = "<group>"; };
		083190B21A85B5E8004B9A25 /* KaraokeVC.swift */ = {isa = PBXFileReference; fileEncoding = 4; lastKnownFileType = sourcecode.swift; path = KaraokeVC.swift; sourceTree = "<group>"; };
		0834BFB31A871CC100C6FDD0 /* Song.swift */ = {isa = PBXFileReference; fileEncoding = 4; lastKnownFileType = sourcecode.swift; path = Song.swift; sourceTree = "<group>"; };
		0834BFB51A871CC100C6FDD0 /* Video.swift */ = {isa = PBXFileReference; fileEncoding = 4; lastKnownFileType = sourcecode.swift; path = Video.swift; sourceTree = "<group>"; };
		0834BFB71A871CC100C6FDD0 /* UserInfo.swift */ = {isa = PBXFileReference; fileEncoding = 4; lastKnownFileType = sourcecode.swift; path = UserInfo.swift; sourceTree = "<group>"; };
		0834BFD31A87A85100C6FDD0 /* Songs.plist */ = {isa = PBXFileReference; fileEncoding = 4; lastKnownFileType = text.plist.xml; path = Songs.plist; sourceTree = "<group>"; };
		089FF7A01A858163001FBE6E /* LyricsParser.swift */ = {isa = PBXFileReference; fileEncoding = 4; lastKnownFileType = sourcecode.swift; path = LyricsParser.swift; sourceTree = "<group>"; };
		089FF7A21A858181001FBE6E /* SongTimer.swift */ = {isa = PBXFileReference; fileEncoding = 4; lastKnownFileType = sourcecode.swift; path = SongTimer.swift; sourceTree = "<group>"; };
		089FF7A41A85A1E6001FBE6E /* Navigation.swift */ = {isa = PBXFileReference; fileEncoding = 4; lastKnownFileType = sourcecode.swift; path = Navigation.swift; sourceTree = "<group>"; };
		18470EDA1A85BF7500F9716F /* profilepicture.svg */ = {isa = PBXFileReference; fileEncoding = 4; lastKnownFileType = text.xml; path = profilepicture.svg; sourceTree = "<group>"; };
		18470EE61A86C98600F9716F /* Utils.swift */ = {isa = PBXFileReference; fileEncoding = 4; lastKnownFileType = sourcecode.swift; path = Utils.swift; sourceTree = "<group>"; };
		18470EEA1A86D80F00F9716F /* CustomVideoCell.swift */ = {isa = PBXFileReference; fileEncoding = 4; lastKnownFileType = sourcecode.swift; path = CustomVideoCell.swift; sourceTree = "<group>"; };
		18470EEB1A86D80F00F9716F /* CustomVideoCell.xib */ = {isa = PBXFileReference; fileEncoding = 4; lastKnownFileType = file.xib; path = CustomVideoCell.xib; sourceTree = "<group>"; };
		18470EEE1A86E0E600F9716F /* mobilemenu.png */ = {isa = PBXFileReference; lastKnownFileType = image.png; path = mobilemenu.png; sourceTree = "<group>"; };
		18470EF01A86E33700F9716F /* SongsDetailVC.swift */ = {isa = PBXFileReference; fileEncoding = 4; lastKnownFileType = sourcecode.swift; path = SongsDetailVC.swift; sourceTree = "<group>"; };
		18470EF21A86E70200F9716F /* default-placeholder.png */ = {isa = PBXFileReference; lastKnownFileType = image.png; path = "default-placeholder.png"; sourceTree = "<group>"; };
		18470EF41A86E7F100F9716F /* orange-record-circle.png */ = {isa = PBXFileReference; lastKnownFileType = image.png; path = "orange-record-circle.png"; sourceTree = "<group>"; };
		18470EF81A86E8A000F9716F /* CustomFriendsCell.swift */ = {isa = PBXFileReference; fileEncoding = 4; lastKnownFileType = sourcecode.swift; path = CustomFriendsCell.swift; sourceTree = "<group>"; };
		18470EF91A86E8A000F9716F /* CustomFriendsCell.xib */ = {isa = PBXFileReference; fileEncoding = 4; lastKnownFileType = file.xib; path = CustomFriendsCell.xib; sourceTree = "<group>"; };
		18470EFC1A86EEEA00F9716F /* MashupVC.swift */ = {isa = PBXFileReference; fileEncoding = 4; lastKnownFileType = sourcecode.swift; path = MashupVC.swift; sourceTree = "<group>"; };
		1870433B1A86FF8600E6F33F /* StartScript.swift */ = {isa = PBXFileReference; fileEncoding = 4; lastKnownFileType = sourcecode.swift; path = StartScript.swift; sourceTree = "<group>"; };
		187043401A87039200E6F33F /* guns n' roses - sweet child o' mine.lrc */ = {isa = PBXFileReference; fileEncoding = 4; lastKnownFileType = text; path = "guns n' roses - sweet child o' mine.lrc"; sourceTree = "<group>"; };
		187043411A87039200E6F33F /* journey - don't stop believing.lrc */ = {isa = PBXFileReference; fileEncoding = 4; lastKnownFileType = text; path = "journey - don't stop believing.lrc"; sourceTree = "<group>"; };
		187043431A87039200E6F33F /* Taylor Swift - Shake it off.lrc */ = {isa = PBXFileReference; fileEncoding = 4; lastKnownFileType = text; path = "Taylor Swift - Shake it off.lrc"; sourceTree = "<group>"; };
		187043441A87039200E6F33F /* tom petty - free fallin.lrc */ = {isa = PBXFileReference; fileEncoding = 4; lastKnownFileType = text; path = "tom petty - free fallin.lrc"; sourceTree = "<group>"; };
		187043451A87039200E6F33F /* twisted sisters - i wanna rock.lrc */ = {isa = PBXFileReference; fileEncoding = 4; lastKnownFileType = text; path = "twisted sisters - i wanna rock.lrc"; sourceTree = "<group>"; };
		187043571A87090300E6F33F /* Don't_Stop_Believin'-Journey.mp3 */ = {isa = PBXFileReference; lastKnownFileType = audio.mp3; path = "Don't_Stop_Believin'-Journey.mp3"; sourceTree = "<group>"; };
		187043581A87090400E6F33F /* Free_Fallin-Tom_Petty.mp3 */ = {isa = PBXFileReference; lastKnownFileType = audio.mp3; path = "Free_Fallin-Tom_Petty.mp3"; sourceTree = "<group>"; };
		187043591A87090400E6F33F /* In_the_Style_of_Twisted Sister-I Wanna_Rock.mp3 */ = {isa = PBXFileReference; lastKnownFileType = audio.mp3; path = "In_the_Style_of_Twisted Sister-I Wanna_Rock.mp3"; sourceTree = "<group>"; };
		1870435A1A87090400E6F33F /* Shake_It_off-Taylor_Swift].mp3 */ = {isa = PBXFileReference; lastKnownFileType = audio.mp3; path = "Shake_It_off-Taylor_Swift].mp3"; sourceTree = "<group>"; };
		1870435B1A87090400E6F33F /* Sweet_Child_O'Mine-Guns_N'_Roses.mp3 */ = {isa = PBXFileReference; lastKnownFileType = audio.mp3; path = "Sweet_Child_O'Mine-Guns_N'_Roses.mp3"; sourceTree = "<group>"; };
		18C73FCC1A855EF800B7C1A7 /* KaraokeRoulette.app */ = {isa = PBXFileReference; explicitFileType = wrapper.application; includeInIndex = 0; path = KaraokeRoulette.app; sourceTree = BUILT_PRODUCTS_DIR; };
		18C73FD01A855EF800B7C1A7 /* Info.plist */ = {isa = PBXFileReference; lastKnownFileType = text.plist.xml; path = Info.plist; sourceTree = "<group>"; };
		18C73FD11A855EF800B7C1A7 /* AppDelegate.swift */ = {isa = PBXFileReference; lastKnownFileType = sourcecode.swift; path = AppDelegate.swift; sourceTree = "<group>"; };
		18C73FD41A855EF800B7C1A7 /* KaraokeRoulette.xcdatamodel */ = {isa = PBXFileReference; lastKnownFileType = wrapper.xcdatamodel; path = KaraokeRoulette.xcdatamodel; sourceTree = "<group>"; };
		18C73FD61A855EF800B7C1A7 /* ViewController.swift */ = {isa = PBXFileReference; lastKnownFileType = sourcecode.swift; path = ViewController.swift; sourceTree = "<group>"; };
		18C73FD91A855EF800B7C1A7 /* Base */ = {isa = PBXFileReference; lastKnownFileType = file.storyboard; name = Base; path = Base.lproj/Main.storyboard; sourceTree = "<group>"; };
		18C73FDB1A855EF800B7C1A7 /* Images.xcassets */ = {isa = PBXFileReference; lastKnownFileType = folder.assetcatalog; path = Images.xcassets; sourceTree = "<group>"; };
		18C73FDE1A855EF800B7C1A7 /* Base */ = {isa = PBXFileReference; lastKnownFileType = file.xib; name = Base; path = Base.lproj/LaunchScreen.xib; sourceTree = "<group>"; };
		18C73FE41A855EF900B7C1A7 /* KaraokeRouletteTests.xctest */ = {isa = PBXFileReference; explicitFileType = wrapper.cfbundle; includeInIndex = 0; path = KaraokeRouletteTests.xctest; sourceTree = BUILT_PRODUCTS_DIR; };
		18C73FE91A855EF900B7C1A7 /* Info.plist */ = {isa = PBXFileReference; lastKnownFileType = text.plist.xml; path = Info.plist; sourceTree = "<group>"; };
		18C73FEA1A855EF900B7C1A7 /* KaraokeRouletteTests.swift */ = {isa = PBXFileReference; lastKnownFileType = sourcecode.swift; path = KaraokeRouletteTests.swift; sourceTree = "<group>"; };
		18C73FF41A85634E00B7C1A7 /* Navigation.xib */ = {isa = PBXFileReference; fileEncoding = 4; lastKnownFileType = file.xib; path = Navigation.xib; sourceTree = "<group>"; };
		18C73FFC1A85683F00B7C1A7 /* FriendsVC.swift */ = {isa = PBXFileReference; fileEncoding = 4; lastKnownFileType = sourcecode.swift; path = FriendsVC.swift; sourceTree = "<group>"; };
		18C73FFE1A85699700B7C1A7 /* ProfileVC.swift */ = {isa = PBXFileReference; fileEncoding = 4; lastKnownFileType = sourcecode.swift; path = ProfileVC.swift; sourceTree = "<group>"; };
		18C740001A856A4700B7C1A7 /* SongsTableVC.swift */ = {isa = PBXFileReference; fileEncoding = 4; lastKnownFileType = sourcecode.swift; path = SongsTableVC.swift; sourceTree = "<group>"; };
		18C740021A856AB300B7C1A7 /* AboutVC.swift */ = {isa = PBXFileReference; fileEncoding = 4; lastKnownFileType = sourcecode.swift; path = AboutVC.swift; sourceTree = "<group>"; };
		18C740041A85770700B7C1A7 /* roulette_nav.png */ = {isa = PBXFileReference; lastKnownFileType = image.png; path = roulette_nav.png; sourceTree = "<group>"; };
		18C740061A85861000B7C1A7 /* roulette_main.svg */ = {isa = PBXFileReference; fileEncoding = 4; lastKnownFileType = text.xml; path = roulette_main.svg; sourceTree = "<group>"; };
		18C740071A85861000B7C1A7 /* roulette_nav.svg */ = {isa = PBXFileReference; fileEncoding = 4; lastKnownFileType = text.xml; path = roulette_nav.svg; sourceTree = "<group>"; };
/* End PBXFileReference section */

/* Begin PBXFrameworksBuildPhase section */
		18C73FC91A855EF800B7C1A7 /* Frameworks */ = {
			isa = PBXFrameworksBuildPhase;
			buildActionMask = 2147483647;
			files = (
			);
			runOnlyForDeploymentPostprocessing = 0;
		};
		18C73FE11A855EF900B7C1A7 /* Frameworks */ = {
			isa = PBXFrameworksBuildPhase;
			buildActionMask = 2147483647;
			files = (
			);
			runOnlyForDeploymentPostprocessing = 0;
		};
/* End PBXFrameworksBuildPhase section */

/* Begin PBXGroup section */
		080A1B2E1A86D2C0006DE962 /* CoreData */ = {
			isa = PBXGroup;
			children = (
				0834BFB71A871CC100C6FDD0 /* UserInfo.swift */,
				0834BFB51A871CC100C6FDD0 /* Video.swift */,
				0834BFB31A871CC100C6FDD0 /* Song.swift */,
			);
			name = CoreData;
			sourceTree = "<group>";
		};
		083190AC1A85ACD7004B9A25 /* Interface */ = {
			isa = PBXGroup;
			children = (
				089FF7A41A85A1E6001FBE6E /* Navigation.swift */,
				18C73FF41A85634E00B7C1A7 /* Navigation.xib */,
				18470EEA1A86D80F00F9716F /* CustomVideoCell.swift */,
				18470EEB1A86D80F00F9716F /* CustomVideoCell.xib */,
				18470EF81A86E8A000F9716F /* CustomFriendsCell.swift */,
				18470EF91A86E8A000F9716F /* CustomFriendsCell.xib */,
			);
			name = Interface;
			sourceTree = "<group>";
		};
		083190AD1A85ACE0004B9A25 /* Globals */ = {
			isa = PBXGroup;
			children = (
				18470EE61A86C98600F9716F /* Utils.swift */,
				083190AE1A85ACF8004B9A25 /* NotificationGlobals.swift */,
			);
			name = Globals;
			sourceTree = "<group>";
		};
		089FF79F1A857FA9001FBE6E /* Controllers */ = {
			isa = PBXGroup;
			children = (
				089FF7A01A858163001FBE6E /* LyricsParser.swift */,
				089FF7A21A858181001FBE6E /* SongTimer.swift */,
			);
			name = Controllers;
			sourceTree = "<group>";
		};
		1870433A1A86FF5900E6F33F /* StartScripts */ = {
			isa = PBXGroup;
			children = (
				1870433B1A86FF8600E6F33F /* StartScript.swift */,
			);
			name = StartScripts;
			sourceTree = "<group>";
		};
		1870433D1A87036800E6F33F /* img */ = {
			isa = PBXGroup;
			children = (
				18470EF41A86E7F100F9716F /* orange-record-circle.png */,
				18470EF21A86E70200F9716F /* default-placeholder.png */,
				18470EEE1A86E0E600F9716F /* mobilemenu.png */,
				18470EDA1A85BF7500F9716F /* profilepicture.svg */,
				18C740061A85861000B7C1A7 /* roulette_main.svg */,
				18C740071A85861000B7C1A7 /* roulette_nav.svg */,
				18C740041A85770700B7C1A7 /* roulette_nav.png */,
			);
			name = img;
			sourceTree = "<group>";
		};
		1870433F1A87038300E6F33F /* lrc */ = {
			isa = PBXGroup;
			children = (
				187043401A87039200E6F33F /* guns n' roses - sweet child o' mine.lrc */,
				187043411A87039200E6F33F /* journey - don't stop believing.lrc */,
				187043431A87039200E6F33F /* Taylor Swift - Shake it off.lrc */,
				187043441A87039200E6F33F /* tom petty - free fallin.lrc */,
				187043451A87039200E6F33F /* twisted sisters - i wanna rock.lrc */,
			);
			name = lrc;
			sourceTree = "<group>";
		};
		187043561A8708F100E6F33F /* mp3 */ = {
			isa = PBXGroup;
			children = (
				187043571A87090300E6F33F /* Don't_Stop_Believin'-Journey.mp3 */,
				187043581A87090400E6F33F /* Free_Fallin-Tom_Petty.mp3 */,
				187043591A87090400E6F33F /* In_the_Style_of_Twisted Sister-I Wanna_Rock.mp3 */,
				1870435A1A87090400E6F33F /* Shake_It_off-Taylor_Swift].mp3 */,
				1870435B1A87090400E6F33F /* Sweet_Child_O'Mine-Guns_N'_Roses.mp3 */,
			);
			name = mp3;
			sourceTree = "<group>";
		};
		18C73FC31A855EF800B7C1A7 = {
			isa = PBXGroup;
			children = (
				18C73FCE1A855EF800B7C1A7 /* KaraokeRoulette */,
				18C73FE71A855EF900B7C1A7 /* KaraokeRouletteTests */,
				18C73FCD1A855EF800B7C1A7 /* Products */,
			);
			sourceTree = "<group>";
		};
		18C73FCD1A855EF800B7C1A7 /* Products */ = {
			isa = PBXGroup;
			children = (
				18C73FCC1A855EF800B7C1A7 /* KaraokeRoulette.app */,
				18C73FE41A855EF900B7C1A7 /* KaraokeRouletteTests.xctest */,
			);
			name = Products;
			sourceTree = "<group>";
		};
		18C73FCE1A855EF800B7C1A7 /* KaraokeRoulette */ = {
			isa = PBXGroup;
			children = (
				089FF79F1A857FA9001FBE6E /* Controllers */,
				18C73FF91A8567BE00B7C1A7 /* Singletons */,
				18C73FF61A8567A100B7C1A7 /* Includes */,
				18C73FF71A8567AC00B7C1A7 /* Models */,
				18C73FF81A8567B400B7C1A7 /* ViewControllers */,
				18C73FD61A855EF800B7C1A7 /* ViewController.swift */,
				18C73FD11A855EF800B7C1A7 /* AppDelegate.swift */,
				18C73FD81A855EF800B7C1A7 /* Main.storyboard */,
				18C73FDB1A855EF800B7C1A7 /* Images.xcassets */,
				18C73FDD1A855EF800B7C1A7 /* LaunchScreen.xib */,
				18C73FD31A855EF800B7C1A7 /* KaraokeRoulette.xcdatamodeld */,
				18C73FCF1A855EF800B7C1A7 /* Supporting Files */,
			);
			path = KaraokeRoulette;
			sourceTree = "<group>";
		};
		18C73FCF1A855EF800B7C1A7 /* Supporting Files */ = {
			isa = PBXGroup;
			children = (
				187043561A8708F100E6F33F /* mp3 */,
				1870433F1A87038300E6F33F /* lrc */,
				1870433D1A87036800E6F33F /* img */,
				18C73FD01A855EF800B7C1A7 /* Info.plist */,
				0834BFD31A87A85100C6FDD0 /* Songs.plist */,
			);
			name = "Supporting Files";
			sourceTree = "<group>";
		};
		18C73FE71A855EF900B7C1A7 /* KaraokeRouletteTests */ = {
			isa = PBXGroup;
			children = (
				18C73FEA1A855EF900B7C1A7 /* KaraokeRouletteTests.swift */,
				18C73FE81A855EF900B7C1A7 /* Supporting Files */,
			);
			path = KaraokeRouletteTests;
			sourceTree = "<group>";
		};
		18C73FE81A855EF900B7C1A7 /* Supporting Files */ = {
			isa = PBXGroup;
			children = (
				18C73FE91A855EF900B7C1A7 /* Info.plist */,
			);
			name = "Supporting Files";
			sourceTree = "<group>";
		};
		18C73FF61A8567A100B7C1A7 /* Includes */ = {
			isa = PBXGroup;
			children = (
				1870433A1A86FF5900E6F33F /* StartScripts */,
				083190AD1A85ACE0004B9A25 /* Globals */,
				083190AC1A85ACD7004B9A25 /* Interface */,
			);
			name = Includes;
			sourceTree = "<group>";
		};
		18C73FF71A8567AC00B7C1A7 /* Models */ = {
			isa = PBXGroup;
			children = (
				080A1B2E1A86D2C0006DE962 /* CoreData */,
			);
			name = Models;
			sourceTree = "<group>";
		};
		18C73FF81A8567B400B7C1A7 /* ViewControllers */ = {
			isa = PBXGroup;
			children = (
				18C73FFC1A85683F00B7C1A7 /* FriendsVC.swift */,
				18C73FFE1A85699700B7C1A7 /* ProfileVC.swift */,
				18C740001A856A4700B7C1A7 /* SongsTableVC.swift */,
				18C740021A856AB300B7C1A7 /* AboutVC.swift */,
				083190B21A85B5E8004B9A25 /* KaraokeVC.swift */,
				18470EF01A86E33700F9716F /* SongsDetailVC.swift */,
				18470EFC1A86EEEA00F9716F /* MashupVC.swift */,
			);
			name = ViewControllers;
			sourceTree = "<group>";
		};
		18C73FF91A8567BE00B7C1A7 /* Singletons */ = {
			isa = PBXGroup;
			children = (
			);
			name = Singletons;
			sourceTree = "<group>";
		};
/* End PBXGroup section */

/* Begin PBXNativeTarget section */
		18C73FCB1A855EF800B7C1A7 /* KaraokeRoulette */ = {
			isa = PBXNativeTarget;
			buildConfigurationList = 18C73FEE1A855EF900B7C1A7 /* Build configuration list for PBXNativeTarget "KaraokeRoulette" */;
			buildPhases = (
				18C73FC81A855EF800B7C1A7 /* Sources */,
				18C73FC91A855EF800B7C1A7 /* Frameworks */,
				18C73FCA1A855EF800B7C1A7 /* Resources */,
			);
			buildRules = (
			);
			dependencies = (
			);
			name = KaraokeRoulette;
			productName = KaraokeRoulette;
			productReference = 18C73FCC1A855EF800B7C1A7 /* KaraokeRoulette.app */;
			productType = "com.apple.product-type.application";
		};
		18C73FE31A855EF900B7C1A7 /* KaraokeRouletteTests */ = {
			isa = PBXNativeTarget;
			buildConfigurationList = 18C73FF11A855EF900B7C1A7 /* Build configuration list for PBXNativeTarget "KaraokeRouletteTests" */;
			buildPhases = (
				18C73FE01A855EF900B7C1A7 /* Sources */,
				18C73FE11A855EF900B7C1A7 /* Frameworks */,
				18C73FE21A855EF900B7C1A7 /* Resources */,
			);
			buildRules = (
			);
			dependencies = (
				18C73FE61A855EF900B7C1A7 /* PBXTargetDependency */,
			);
			name = KaraokeRouletteTests;
			productName = KaraokeRouletteTests;
			productReference = 18C73FE41A855EF900B7C1A7 /* KaraokeRouletteTests.xctest */;
			productType = "com.apple.product-type.bundle.unit-test";
		};
/* End PBXNativeTarget section */

/* Begin PBXProject section */
		18C73FC41A855EF800B7C1A7 /* Project object */ = {
			isa = PBXProject;
			attributes = {
				LastUpgradeCheck = 0610;
				ORGANIZATIONNAME = Herendeen;
				TargetAttributes = {
					18C73FCB1A855EF800B7C1A7 = {
						CreatedOnToolsVersion = 6.1.1;
					};
					18C73FE31A855EF900B7C1A7 = {
						CreatedOnToolsVersion = 6.1.1;
						TestTargetID = 18C73FCB1A855EF800B7C1A7;
					};
				};
			};
			buildConfigurationList = 18C73FC71A855EF800B7C1A7 /* Build configuration list for PBXProject "KaraokeRoulette" */;
			compatibilityVersion = "Xcode 3.2";
			developmentRegion = English;
			hasScannedForEncodings = 0;
			knownRegions = (
				en,
				Base,
			);
			mainGroup = 18C73FC31A855EF800B7C1A7;
			productRefGroup = 18C73FCD1A855EF800B7C1A7 /* Products */;
			projectDirPath = "";
			projectRoot = "";
			targets = (
				18C73FCB1A855EF800B7C1A7 /* KaraokeRoulette */,
				18C73FE31A855EF900B7C1A7 /* KaraokeRouletteTests */,
			);
		};
/* End PBXProject section */

/* Begin PBXResourcesBuildPhase section */
		18C73FCA1A855EF800B7C1A7 /* Resources */ = {
			isa = PBXResourcesBuildPhase;
			buildActionMask = 2147483647;
			files = (
				187043471A87039200E6F33F /* journey - don't stop believing.lrc in Resources */,
				18C73FDA1A855EF800B7C1A7 /* Main.storyboard in Resources */,
				18C73FDF1A855EF800B7C1A7 /* LaunchScreen.xib in Resources */,
				18C740091A85861000B7C1A7 /* roulette_nav.svg in Resources */,
				18470EFB1A86E8A000F9716F /* CustomFriendsCell.xib in Resources */,
				1870435F1A87090400E6F33F /* Shake_It_off-Taylor_Swift].mp3 in Resources */,
				18C73FDC1A855EF800B7C1A7 /* Images.xcassets in Resources */,
				187043491A87039200E6F33F /* Taylor Swift - Shake it off.lrc in Resources */,
				1870434A1A87039200E6F33F /* tom petty - free fallin.lrc in Resources */,
				1870435D1A87090400E6F33F /* Free_Fallin-Tom_Petty.mp3 in Resources */,
				1870434B1A87039200E6F33F /* twisted sisters - i wanna rock.lrc in Resources */,
				18470EED1A86D80F00F9716F /* CustomVideoCell.xib in Resources */,
				187043601A87090400E6F33F /* Sweet_Child_O'Mine-Guns_N'_Roses.mp3 in Resources */,
				18C740081A85861000B7C1A7 /* roulette_main.svg in Resources */,
				18470EF51A86E7F100F9716F /* orange-record-circle.png in Resources */,
				0834BFD41A87A85100C6FDD0 /* Songs.plist in Resources */,
				1870435E1A87090400E6F33F /* In_the_Style_of_Twisted Sister-I Wanna_Rock.mp3 in Resources */,
				18470EF31A86E70200F9716F /* default-placeholder.png in Resources */,
				18470EDB1A85BF7500F9716F /* profilepicture.svg in Resources */,
				187043461A87039200E6F33F /* guns n' roses - sweet child o' mine.lrc in Resources */,
				1870435C1A87090400E6F33F /* Don't_Stop_Believin'-Journey.mp3 in Resources */,
				18C73FF51A85634E00B7C1A7 /* Navigation.xib in Resources */,
				18470EEF1A86E0E600F9716F /* mobilemenu.png in Resources */,
				18C740051A85770700B7C1A7 /* roulette_nav.png in Resources */,
			);
			runOnlyForDeploymentPostprocessing = 0;
		};
		18C73FE21A855EF900B7C1A7 /* Resources */ = {
			isa = PBXResourcesBuildPhase;
			buildActionMask = 2147483647;
			files = (
			);
			runOnlyForDeploymentPostprocessing = 0;
		};
/* End PBXResourcesBuildPhase section */

/* Begin PBXSourcesBuildPhase section */
		18C73FC81A855EF800B7C1A7 /* Sources */ = {
			isa = PBXSourcesBuildPhase;
			buildActionMask = 2147483647;
			files = (
				18C73FFF1A85699700B7C1A7 /* ProfileVC.swift in Sources */,
				18470EFD1A86EEEA00F9716F /* MashupVC.swift in Sources */,
				18C740011A856A4700B7C1A7 /* SongsTableVC.swift in Sources */,
				18470EFA1A86E8A000F9716F /* CustomFriendsCell.swift in Sources */,
				18470EEC1A86D80F00F9716F /* CustomVideoCell.swift in Sources */,
				083190B31A85B5E8004B9A25 /* KaraokeVC.swift in Sources */,
				089FF7A51A85A1E6001FBE6E /* Navigation.swift in Sources */,
				18C73FD71A855EF800B7C1A7 /* ViewController.swift in Sources */,
				18470EE71A86C98600F9716F /* Utils.swift in Sources */,
				0834BFB61A871CC100C6FDD0 /* Video.swift in Sources */,
				1870433C1A86FF8600E6F33F /* StartScript.swift in Sources */,
				18C740031A856AB300B7C1A7 /* AboutVC.swift in Sources */,
				18C73FD51A855EF800B7C1A7 /* KaraokeRoulette.xcdatamodeld in Sources */,
				083190AF1A85ACF8004B9A25 /* NotificationGlobals.swift in Sources */,
				18C73FD21A855EF800B7C1A7 /* AppDelegate.swift in Sources */,
				0834BFB41A871CC100C6FDD0 /* Song.swift in Sources */,
				18470EF11A86E33700F9716F /* SongsDetailVC.swift in Sources */,
				089FF7A11A858163001FBE6E /* LyricsParser.swift in Sources */,
				089FF7A31A858181001FBE6E /* SongTimer.swift in Sources */,
				0834BFB81A871CC100C6FDD0 /* UserInfo.swift in Sources */,
				18C73FFD1A85683F00B7C1A7 /* FriendsVC.swift in Sources */,
			);
			runOnlyForDeploymentPostprocessing = 0;
		};
		18C73FE01A855EF900B7C1A7 /* Sources */ = {
			isa = PBXSourcesBuildPhase;
			buildActionMask = 2147483647;
			files = (
				18C73FEB1A855EF900B7C1A7 /* KaraokeRouletteTests.swift in Sources */,
			);
			runOnlyForDeploymentPostprocessing = 0;
		};
/* End PBXSourcesBuildPhase section */

/* Begin PBXTargetDependency section */
		18C73FE61A855EF900B7C1A7 /* PBXTargetDependency */ = {
			isa = PBXTargetDependency;
			target = 18C73FCB1A855EF800B7C1A7 /* KaraokeRoulette */;
			targetProxy = 18C73FE51A855EF900B7C1A7 /* PBXContainerItemProxy */;
		};
/* End PBXTargetDependency section */

/* Begin PBXVariantGroup section */
		18C73FD81A855EF800B7C1A7 /* Main.storyboard */ = {
			isa = PBXVariantGroup;
			children = (
				18C73FD91A855EF800B7C1A7 /* Base */,
			);
			name = Main.storyboard;
			sourceTree = "<group>";
		};
		18C73FDD1A855EF800B7C1A7 /* LaunchScreen.xib */ = {
			isa = PBXVariantGroup;
			children = (
				18C73FDE1A855EF800B7C1A7 /* Base */,
			);
			name = LaunchScreen.xib;
			sourceTree = "<group>";
		};
/* End PBXVariantGroup section */

/* Begin XCBuildConfiguration section */
		18C73FEC1A855EF900B7C1A7 /* Debug */ = {
			isa = XCBuildConfiguration;
			buildSettings = {
				ALWAYS_SEARCH_USER_PATHS = NO;
				CLANG_CXX_LANGUAGE_STANDARD = "gnu++0x";
				CLANG_CXX_LIBRARY = "libc++";
				CLANG_ENABLE_MODULES = YES;
				CLANG_ENABLE_OBJC_ARC = YES;
				CLANG_WARN_BOOL_CONVERSION = YES;
				CLANG_WARN_CONSTANT_CONVERSION = YES;
				CLANG_WARN_DIRECT_OBJC_ISA_USAGE = YES_ERROR;
				CLANG_WARN_EMPTY_BODY = YES;
				CLANG_WARN_ENUM_CONVERSION = YES;
				CLANG_WARN_INT_CONVERSION = YES;
				CLANG_WARN_OBJC_ROOT_CLASS = YES_ERROR;
				CLANG_WARN_UNREACHABLE_CODE = YES;
				CLANG_WARN__DUPLICATE_METHOD_MATCH = YES;
				"CODE_SIGN_IDENTITY[sdk=iphoneos*]" = "iPhone Developer";
				COPY_PHASE_STRIP = NO;
				ENABLE_STRICT_OBJC_MSGSEND = YES;
				GCC_C_LANGUAGE_STANDARD = gnu99;
				GCC_DYNAMIC_NO_PIC = NO;
				GCC_OPTIMIZATION_LEVEL = 0;
				GCC_PREPROCESSOR_DEFINITIONS = (
					"DEBUG=1",
					"$(inherited)",
				);
				GCC_SYMBOLS_PRIVATE_EXTERN = NO;
				GCC_WARN_64_TO_32_BIT_CONVERSION = YES;
				GCC_WARN_ABOUT_RETURN_TYPE = YES_ERROR;
				GCC_WARN_UNDECLARED_SELECTOR = YES;
				GCC_WARN_UNINITIALIZED_AUTOS = YES_AGGRESSIVE;
				GCC_WARN_UNUSED_FUNCTION = YES;
				GCC_WARN_UNUSED_VARIABLE = YES;
				IPHONEOS_DEPLOYMENT_TARGET = 8.1;
				MTL_ENABLE_DEBUG_INFO = YES;
				ONLY_ACTIVE_ARCH = YES;
				SDKROOT = iphoneos;
				SWIFT_OPTIMIZATION_LEVEL = "-Onone";
			};
			name = Debug;
		};
		18C73FED1A855EF900B7C1A7 /* Release */ = {
			isa = XCBuildConfiguration;
			buildSettings = {
				ALWAYS_SEARCH_USER_PATHS = NO;
				CLANG_CXX_LANGUAGE_STANDARD = "gnu++0x";
				CLANG_CXX_LIBRARY = "libc++";
				CLANG_ENABLE_MODULES = YES;
				CLANG_ENABLE_OBJC_ARC = YES;
				CLANG_WARN_BOOL_CONVERSION = YES;
				CLANG_WARN_CONSTANT_CONVERSION = YES;
				CLANG_WARN_DIRECT_OBJC_ISA_USAGE = YES_ERROR;
				CLANG_WARN_EMPTY_BODY = YES;
				CLANG_WARN_ENUM_CONVERSION = YES;
				CLANG_WARN_INT_CONVERSION = YES;
				CLANG_WARN_OBJC_ROOT_CLASS = YES_ERROR;
				CLANG_WARN_UNREACHABLE_CODE = YES;
				CLANG_WARN__DUPLICATE_METHOD_MATCH = YES;
				"CODE_SIGN_IDENTITY[sdk=iphoneos*]" = "iPhone Developer";
				COPY_PHASE_STRIP = YES;
				ENABLE_NS_ASSERTIONS = NO;
				ENABLE_STRICT_OBJC_MSGSEND = YES;
				GCC_C_LANGUAGE_STANDARD = gnu99;
				GCC_WARN_64_TO_32_BIT_CONVERSION = YES;
				GCC_WARN_ABOUT_RETURN_TYPE = YES_ERROR;
				GCC_WARN_UNDECLARED_SELECTOR = YES;
				GCC_WARN_UNINITIALIZED_AUTOS = YES_AGGRESSIVE;
				GCC_WARN_UNUSED_FUNCTION = YES;
				GCC_WARN_UNUSED_VARIABLE = YES;
				IPHONEOS_DEPLOYMENT_TARGET = 8.1;
				MTL_ENABLE_DEBUG_INFO = NO;
				SDKROOT = iphoneos;
				VALIDATE_PRODUCT = YES;
			};
			name = Release;
		};
		18C73FEF1A855EF900B7C1A7 /* Debug */ = {
			isa = XCBuildConfiguration;
			buildSettings = {
				ASSETCATALOG_COMPILER_APPICON_NAME = AppIcon;
				INFOPLIST_FILE = KaraokeRoulette/Info.plist;
				LD_RUNPATH_SEARCH_PATHS = "$(inherited) @executable_path/Frameworks";
				PRODUCT_NAME = "$(TARGET_NAME)";
			};
			name = Debug;
		};
		18C73FF01A855EF900B7C1A7 /* Release */ = {
			isa = XCBuildConfiguration;
			buildSettings = {
				ASSETCATALOG_COMPILER_APPICON_NAME = AppIcon;
				INFOPLIST_FILE = KaraokeRoulette/Info.plist;
				LD_RUNPATH_SEARCH_PATHS = "$(inherited) @executable_path/Frameworks";
				PRODUCT_NAME = "$(TARGET_NAME)";
			};
			name = Release;
		};
		18C73FF21A855EF900B7C1A7 /* Debug */ = {
			isa = XCBuildConfiguration;
			buildSettings = {
				BUNDLE_LOADER = "$(TEST_HOST)";
				FRAMEWORK_SEARCH_PATHS = (
					"$(SDKROOT)/Developer/Library/Frameworks",
					"$(inherited)",
				);
				GCC_PREPROCESSOR_DEFINITIONS = (
					"DEBUG=1",
					"$(inherited)",
				);
				INFOPLIST_FILE = KaraokeRouletteTests/Info.plist;
				LD_RUNPATH_SEARCH_PATHS = "$(inherited) @executable_path/Frameworks @loader_path/Frameworks";
				PRODUCT_NAME = "$(TARGET_NAME)";
				TEST_HOST = "$(BUILT_PRODUCTS_DIR)/KaraokeRoulette.app/KaraokeRoulette";
			};
			name = Debug;
		};
		18C73FF31A855EF900B7C1A7 /* Release */ = {
			isa = XCBuildConfiguration;
			buildSettings = {
				BUNDLE_LOADER = "$(TEST_HOST)";
				FRAMEWORK_SEARCH_PATHS = (
					"$(SDKROOT)/Developer/Library/Frameworks",
					"$(inherited)",
				);
				INFOPLIST_FILE = KaraokeRouletteTests/Info.plist;
				LD_RUNPATH_SEARCH_PATHS = "$(inherited) @executable_path/Frameworks @loader_path/Frameworks";
				PRODUCT_NAME = "$(TARGET_NAME)";
				TEST_HOST = "$(BUILT_PRODUCTS_DIR)/KaraokeRoulette.app/KaraokeRoulette";
			};
			name = Release;
		};
/* End XCBuildConfiguration section */

/* Begin XCConfigurationList section */
		18C73FC71A855EF800B7C1A7 /* Build configuration list for PBXProject "KaraokeRoulette" */ = {
			isa = XCConfigurationList;
			buildConfigurations = (
				18C73FEC1A855EF900B7C1A7 /* Debug */,
				18C73FED1A855EF900B7C1A7 /* Release */,
			);
			defaultConfigurationIsVisible = 0;
			defaultConfigurationName = Release;
		};
		18C73FEE1A855EF900B7C1A7 /* Build configuration list for PBXNativeTarget "KaraokeRoulette" */ = {
			isa = XCConfigurationList;
			buildConfigurations = (
				18C73FEF1A855EF900B7C1A7 /* Debug */,
				18C73FF01A855EF900B7C1A7 /* Release */,
			);
			defaultConfigurationIsVisible = 0;
			defaultConfigurationName = Release;
		};
		18C73FF11A855EF900B7C1A7 /* Build configuration list for PBXNativeTarget "KaraokeRouletteTests" */ = {
			isa = XCConfigurationList;
			buildConfigurations = (
				18C73FF21A855EF900B7C1A7 /* Debug */,
				18C73FF31A855EF900B7C1A7 /* Release */,
			);
			defaultConfigurationIsVisible = 0;
			defaultConfigurationName = Release;
		};
/* End XCConfigurationList section */

/* Begin XCVersionGroup section */
		18C73FD31A855EF800B7C1A7 /* KaraokeRoulette.xcdatamodeld */ = {
			isa = XCVersionGroup;
			children = (
				18C73FD41A855EF800B7C1A7 /* KaraokeRoulette.xcdatamodel */,
			);
			currentVersion = 18C73FD41A855EF800B7C1A7 /* KaraokeRoulette.xcdatamodel */;
			path = KaraokeRoulette.xcdatamodeld;
			sourceTree = "<group>";
			versionGroupType = wrapper.xcdatamodel;
		};
/* End XCVersionGroup section */
	};
	rootObject = 18C73FC41A855EF800B7C1A7 /* Project object */;
}
